
Microsoft Visual Studio Solution File, Format Version 12.00
# Visual Studio Version 16
VisualStudioVersion = 16.0.29905.134
MinimumVisualStudioVersion = 10.0.40219.1
Project("{9A19103F-16F7-4668-BE54-9A1E7A4F7556}") = "Lab1", "Lab1.csproj", "{C246C5BE-4043-4AC2-8D3C-D9A69213B73D}"
EndProject
Project("{FAE04EC0-301F-11D3-BF4B-00C04F79EFBC}") = "V5DataGenerator", "..\V5DataGenerator\V5DataGenerator.csproj", "{020B6EB3-0F26-4846-B2B9-5A3FC124BAA5}"
EndProject
Global
	GlobalSection(SolutionConfigurationPlatforms) = preSolution
		Debug|Any CPU = Debug|Any CPU
		Release|Any CPU = Release|Any CPU
	EndGlobalSection
	GlobalSection(ProjectConfigurationPlatforms) = postSolution
		{C246C5BE-4043-4AC2-8D3C-D9A69213B73D}.Debug|Any CPU.ActiveCfg = Debug|Any CPU
		{C246C5BE-4043-4AC2-8D3C-D9A69213B73D}.Debug|Any CPU.Build.0 = Debug|Any CPU
		{C246C5BE-4043-4AC2-8D3C-D9A69213B73D}.Release|Any CPU.ActiveCfg = Release|Any CPU
		{C246C5BE-4043-4AC2-8D3C-D9A69213B73D}.Release|Any CPU.Build.0 = Release|Any CPU
		{020B6EB3-0F26-4846-B2B9-5A3FC124BAA5}.Debug|Any CPU.ActiveCfg = Debug|Any CPU
		{020B6EB3-0F26-4846-B2B9-5A3FC124BAA5}.Debug|Any CPU.Build.0 = Debug|Any CPU
		{020B6EB3-0F26-4846-B2B9-5A3FC124BAA5}.Release|Any CPU.ActiveCfg = Release|Any CPU
		{020B6EB3-0F26-4846-B2B9-5A3FC124BAA5}.Release|Any CPU.Build.0 = Release|Any CPU
	EndGlobalSection
	GlobalSection(SolutionProperties) = preSolution
		HideSolutionNode = FALSE
	EndGlobalSection
	GlobalSection(ExtensibilityGlobals) = postSolution
		SolutionGuid = {D7A2583A-F7CB-40C2-B964-16C17EB9AFD7}
	EndGlobalSection
EndGlobal
